
Microsoft Visual Studio Solution File, Format Version 12.00
# Visual Studio Version 17
VisualStudioVersion = 17.8.34525.116
MinimumVisualStudioVersion = 10.0.40219.1
Project("{FAE04EC0-301F-11D3-BF4B-00C04F79EFBC}") = "FighterJet Getaway", "FighterJet Getaway\FighterJet Getaway.csproj", "{E112AD70-9278-4A0E-892D-D4DA3AA995CF}"
EndProject
Global
	GlobalSection(SolutionConfigurationPlatforms) = preSolution
		Debug|Any CPU = Debug|Any CPU
		Release|Any CPU = Release|Any CPU
	EndGlobalSection
	GlobalSection(ProjectConfigurationPlatforms) = postSolution
		{E112AD70-9278-4A0E-892D-D4DA3AA995CF}.Debug|Any CPU.ActiveCfg = Debug|Any CPU
		{E112AD70-9278-4A0E-892D-D4DA3AA995CF}.Debug|Any CPU.Build.0 = Debug|Any CPU
		{E112AD70-9278-4A0E-892D-D4DA3AA995CF}.Release|Any CPU.ActiveCfg = Release|Any CPU
		{E112AD70-9278-4A0E-892D-D4DA3AA995CF}.Release|Any CPU.Build.0 = Release|Any CPU
	EndGlobalSection
	GlobalSection(SolutionProperties) = preSolution
		HideSolutionNode = FALSE
	EndGlobalSection
	GlobalSection(ExtensibilityGlobals) = postSolution
		SolutionGuid = {A7ED1256-005A-490D-BA7C-1D88BD54128F}
	EndGlobalSection
EndGlobal
